// !$*UTF8*$!
{
	archiveVersion = 1;
	classes = {
	};
	objectVersion = 77;
	objects = {

/* Begin PBXBuildFile section */
		100000000000000000000001 /* AbyssApp.swift in Sources */ = {isa = PBXBuildFile; fileRef = 200000000000000000000001 /* AbyssApp.swift */; };
		100000000000000000000002 /* SetupView.swift in Sources */ = {isa = PBXBuildFile; fileRef = 200000000000000000000002 /* SetupView.swift */; };
		100000000000000000000003 /* FilterLifecycleController.swift in Sources */ = {isa = PBXBuildFile; fileRef = 200000000000000000000003 /* FilterLifecycleController.swift */; };
		100000000000000000000004 /* main.swift in Sources */ = {isa = PBXBuildFile; fileRef = 200000000000000000000004 /* main.swift */; };
		100000000000000000000005 /* PolicyRuntime.swift in Sources */ = {isa = PBXBuildFile; fileRef = 200000000000000000000005 /* PolicyRuntime.swift */; };
		100000000000000000000006 /* FilterServiceListener.swift in Sources */ = {isa = PBXBuildFile; fileRef = 200000000000000000000006 /* FilterServiceListener.swift */; };
		100000000000000000000007 /* FilterDataProvider.swift in Sources */ = {isa = PBXBuildFile; fileRef = 200000000000000000000007 /* FilterDataProvider.swift */; };
		100000000000000000000008 /* AbyssFilter.systemextension in Embed System Extensions */ = {isa = PBXBuildFile; fileRef = 200000000000000000000009 /* AbyssFilter.systemextension */; settings = {ATTRIBUTES = (CodeSignOnCopy, ); }; };
		100000000000000000000009 /* SystemExtensions.framework in Frameworks */ = {isa = PBXBuildFile; fileRef = 20000000000000000000000A /* SystemExtensions.framework */; };
		10000000000000000000000A /* NetworkExtension.framework in Frameworks */ = {isa = PBXBuildFile; fileRef = 20000000000000000000000B /* NetworkExtension.framework */; };
		10000000000000000000000B /* NetworkExtension.framework in Frameworks */ = {isa = PBXBuildFile; fileRef = 20000000000000000000000B /* NetworkExtension.framework */; };
		10000000000000000000000C /* AbyssCore in Frameworks */ = {isa = PBXBuildFile; productRef = A00000000000000000000001 /* AbyssCore */; };
		10000000000000000000000D /* AbyssIPC in Frameworks */ = {isa = PBXBuildFile; productRef = A00000000000000000000002 /* AbyssIPC */; };
		10000000000000000000000E /* AbyssCore in Frameworks */ = {isa = PBXBuildFile; productRef = A00000000000000000000003 /* AbyssCore */; };
		10000000000000000000000F /* AbyssIPC in Frameworks */ = {isa = PBXBuildFile; productRef = A00000000000000000000004 /* AbyssIPC */; };
		100000000000000000000010 /* LoopbackSettings.m in Sources */ = {isa = PBXBuildFile; fileRef = 200000000000000000000015 /* LoopbackSettings.m */; };
		100000000000000000000011 /* AbyssControl in Frameworks */ = {isa = PBXBuildFile; productRef = A00000000000000000000005 /* AbyssControl */; };
		100000000000000000000012 /* AbyssFilterRuntime in Frameworks */ = {isa = PBXBuildFile; productRef = A00000000000000000000006 /* AbyssFilterRuntime */; };
		100000000000000000000013 /* FlowMetadataNormalizer.swift in Sources */ = {isa = PBXBuildFile; fileRef = 200000000000000000000017 /* FlowMetadataNormalizer.swift */; };
		100000000000000000000014 /* FilterControlSession.swift in Sources */ = {isa = PBXBuildFile; fileRef = 200000000000000000000018 /* FilterControlSession.swift */; };
		100000000000000000000015 /* SystemConfiguration.framework in Frameworks */ = {isa = PBXBuildFile; fileRef = 200000000000000000000019 /* SystemConfiguration.framework */; };
		100000000000000000000016 /* libbsm.tbd in Frameworks */ = {isa = PBXBuildFile; fileRef = 20000000000000000000001A /* libbsm.tbd */; };
		100000000000000000000017 /* FilterControlClient.swift in Sources */ = {isa = PBXBuildFile; fileRef = 20000000000000000000001B /* FilterControlClient.swift */; };
		100000000000000000000018 /* ControlPlaneController.swift in Sources */ = {isa = PBXBuildFile; fileRef = 20000000000000000000001C /* ControlPlaneController.swift */; };
		100000000000000000000019 /* IdentityResolver.swift in Sources */ = {isa = PBXBuildFile; fileRef = 20000000000000000000001D /* IdentityResolver.swift */; };
		10000000000000000000001A /* FlowResolutionCoordinator.swift in Sources */ = {isa = PBXBuildFile; fileRef = 20000000000000000000001E /* FlowResolutionCoordinator.swift */; };
		10000000000000000000001B /* Security.framework in Frameworks */ = {isa = PBXBuildFile; fileRef = 20000000000000000000001F /* Security.framework */; };
		10000000000000000000001C /* ConnectionAlertView.swift in Sources */ = {isa = PBXBuildFile; fileRef = 200000000000000000000020 /* ConnectionAlertView.swift */; };
		10000000000000000000001D /* PromptPanelController.swift in Sources */ = {isa = PBXBuildFile; fileRef = 200000000000000000000021 /* PromptPanelController.swift */; };
		10000000000000000000001E /* StatusMenuView.swift in Sources */ = {isa = PBXBuildFile; fileRef = 200000000000000000000022 /* StatusMenuView.swift */; };
		10000000000000000000001F /* RulesWorkspaceController.swift in Sources */ = {isa = PBXBuildFile; fileRef = 200000000000000000000023 /* RulesWorkspaceController.swift */; };
		100000000000000000000020 /* ManualRuleEditorView.swift in Sources */ = {isa = PBXBuildFile; fileRef = 200000000000000000000024 /* ManualRuleEditorView.swift */; };
		100000000000000000000021 /* RulesWorkspaceView.swift in Sources */ = {isa = PBXBuildFile; fileRef = 200000000000000000000025 /* RulesWorkspaceView.swift */; };
		100000000000000000000022 /* FlowDescriptorRuntimeExtensions.swift in Sources */ = {isa = PBXBuildFile; fileRef = 200000000000000000000026 /* FlowDescriptorRuntimeExtensions.swift */; };
		100000000000000000000023 /* MonitorView.swift in Sources */ = {isa = PBXBuildFile; fileRef = 200000000000000000000027 /* MonitorView.swift */; };
		100000000000000000000024 /* DecisionChartView.swift in Sources */ = {isa = PBXBuildFile; fileRef = 200000000000000000000028 /* DecisionChartView.swift */; };
		100000000000000000000025 /* NotificationRouter.swift in Sources */ = {isa = PBXBuildFile; fileRef = 200000000000000000000029 /* NotificationRouter.swift */; };
		100000000000000000000026 /* SettingsView.swift in Sources */ = {isa = PBXBuildFile; fileRef = 20000000000000000000002A /* SettingsView.swift */; };
		100000000000000000000027 /* FixtureDecisionDriver.swift in Sources */ = {isa = PBXBuildFile; fileRef = 20000000000000000000002B /* FixtureDecisionDriver.swift */; };
		100000000000000000000028 /* ControlPlaneArchive.swift in Sources */ = {isa = PBXBuildFile; fileRef = 20000000000000000000002C /* ControlPlaneArchive.swift */; };
		100000000000000000000029 /* ArchiveFileAccess.swift in Sources */ = {isa = PBXBuildFile; fileRef = 20000000000000000000002D /* ArchiveFileAccess.swift */; };
		10000000000000000000002A /* ControlPlanePolicyCommands.swift in Sources */ = {isa = PBXBuildFile; fileRef = 20000000000000000000002E /* ControlPlanePolicyCommands.swift */; };
		10000000000000000000002B /* main.swift in Sources */ = {isa = PBXBuildFile; fileRef = 20000000000000000000002F /* main.swift */; };
		10000000000000000000002C /* CLIServiceClient.swift in Sources */ = {isa = PBXBuildFile; fileRef = 200000000000000000000030 /* CLIServiceClient.swift */; };
		10000000000000000000002D /* CLIFileAccess.swift in Sources */ = {isa = PBXBuildFile; fileRef = 200000000000000000000031 /* CLIFileAccess.swift */; };
		10000000000000000000002E /* AbyssIPC in Frameworks */ = {isa = PBXBuildFile; productRef = A00000000000000000000007 /* AbyssIPC */; };
		10000000000000000000002F /* ArgumentParser in Frameworks */ = {isa = PBXBuildFile; productRef = A00000000000000000000008 /* ArgumentParser */; };
		100000000000000000000030 /* abyssctl in Embed CLI Helper */ = {isa = PBXBuildFile; fileRef = 200000000000000000000032 /* abyssctl */; settings = {ATTRIBUTES = (CodeSignOnCopy, ); }; };
		100000000000000000000031 /* MonitorPolicyActions.swift in Sources */ = {isa = PBXBuildFile; fileRef = 200000000000000000000033 /* MonitorPolicyActions.swift */; };
		100000000000000000000032 /* ControlPlaneRulePreview.swift in Sources */ = {isa = PBXBuildFile; fileRef = 200000000000000000000034 /* ControlPlaneRulePreview.swift */; };
		100000000000000000000033 /* RuleImpactPreviewView.swift in Sources */ = {isa = PBXBuildFile; fileRef = 200000000000000000000035 /* RuleImpactPreviewView.swift */; };
		100000000000000000000034 /* DiagnosticsBundle.swift in Sources */ = {isa = PBXBuildFile; fileRef = 200000000000000000000036 /* DiagnosticsBundle.swift */; };
		100000000000000000000035 /* AdvancedSettingsPane.swift in Sources */ = {isa = PBXBuildFile; fileRef = 200000000000000000000037 /* AdvancedSettingsPane.swift */; };
		100000000000000000000036 /* ControlPlaneHistory.swift in Sources */ = {isa = PBXBuildFile; fileRef = 200000000000000000000038 /* ControlPlaneHistory.swift */; };
		100000000000000000000037 /* ControlPlaneRecovery.swift in Sources */ = {isa = PBXBuildFile; fileRef = 200000000000000000000039 /* ControlPlaneRecovery.swift */; };
		100000000000000000000038 /* GeoFileAccess.swift in Sources */ = {isa = PBXBuildFile; fileRef = 20000000000000000000003A /* GeoFileAccess.swift */; };
		100000000000000000000039 /* GeolocationController.swift in Sources */ = {isa = PBXBuildFile; fileRef = 20000000000000000000003B /* GeolocationController.swift */; };
		10000000000000000000003A /* MonitorFixtureData.swift in Sources */ = {isa = PBXBuildFile; fileRef = 20000000000000000000003C /* MonitorFixtureData.swift */; };
		10000000000000000000003B /* DestinationMapView.swift in Sources */ = {isa = PBXBuildFile; fileRef = 20000000000000000000003D /* DestinationMapView.swift */; };
		10000000000000000000003C /* MonitorMapSection.swift in Sources */ = {isa = PBXBuildFile; fileRef = 20000000000000000000003E /* MonitorMapSection.swift */; };
		10000000000000000000003D /* GeoSettingsPane.swift in Sources */ = {isa = PBXBuildFile; fileRef = 20000000000000000000003F /* GeoSettingsPane.swift */; };
		10000000000000000000003E /* MapKit.framework in Frameworks */ = {isa = PBXBuildFile; fileRef = 200000000000000000000040 /* MapKit.framework */; };
		10000000000000000000003F /* AppSession.swift in Sources */ = {isa = PBXBuildFile; fileRef = 200000000000000000000041 /* AppSession.swift */; };
		100000000000000000000040 /* MonitorSidebarView.swift in Sources */ = {isa = PBXBuildFile; fileRef = 200000000000000000000042 /* MonitorSidebarView.swift */; };
		100000000000000000000041 /* MonitorSummaryView.swift in Sources */ = {isa = PBXBuildFile; fileRef = 200000000000000000000043 /* MonitorSummaryView.swift */; };
		100000000000000000000042 /* SettingsPrimaryPanes.swift in Sources */ = {isa = PBXBuildFile; fileRef = 200000000000000000000044 /* SettingsPrimaryPanes.swift */; };
		100000000000000000000043 /* PolicySettingsPane.swift in Sources */ = {isa = PBXBuildFile; fileRef = 200000000000000000000045 /* PolicySettingsPane.swift */; };
		100000000000000000000044 /* ControlPlaneRuleMutations.swift in Sources */ = {isa = PBXBuildFile; fileRef = 200000000000000000000046 /* ControlPlaneRuleMutations.swift */; };
		100000000000000000000045 /* ApplicationArtworkStore.swift in Sources */ = {isa = PBXBuildFile; fileRef = 200000000000000000000047 /* ApplicationArtworkStore.swift */; };
		100000000000000000000046 /* ApplicationIdentityIcon.swift in Sources */ = {isa = PBXBuildFile; fileRef = 200000000000000000000048 /* ApplicationIdentityIcon.swift */; };
		100000000000000000000047 /* ConsoleSessionTracker.swift in Sources */ = {isa = PBXBuildFile; fileRef = 200000000000000000000049 /* ConsoleSessionTracker.swift */; };
		100000000000000000000048 /* FlowResolutionOutput.swift in Sources */ = {isa = PBXBuildFile; fileRef = 20000000000000000000004A /* FlowResolutionOutput.swift */; };
		100000000000000000000049 /* FilterLifecycleSupport.swift in Sources */ = {isa = PBXBuildFile; fileRef = 20000000000000000000004B /* FilterLifecycleSupport.swift */; };
		10000000000000000000004A /* InterfaceRouteSnapshotStore.swift in Sources */ = {isa = PBXBuildFile; fileRef = 20000000000000000000004C /* InterfaceRouteSnapshotStore.swift */; };
		10000000000000000000004B /* ControlPlaneCommandErrors.swift in Sources */ = {isa = PBXBuildFile; fileRef = 20000000000000000000004D /* ControlPlaneCommandErrors.swift */; };
		10000000000000000000004C /* ManualRuleOverrideConfirmation.swift in Sources */ = {isa = PBXBuildFile; fileRef = 20000000000000000000004E /* ManualRuleOverrideConfirmation.swift */; };
		10000000000000000000004D /* ControlPlaneBlocklistEntries.swift in Sources */ = {isa = PBXBuildFile; fileRef = 20000000000000000000004F /* ControlPlaneBlocklistEntries.swift */; };
		10000000000000000000004E /* RuntimeEnvironment.swift in Sources */ = {isa = PBXBuildFile; fileRef = 200000000000000000000050 /* RuntimeEnvironment.swift */; };
		10000000000000000000004F /* PolicyRuntimeReset.swift in Sources */ = {isa = PBXBuildFile; fileRef = 200000000000000000000051 /* PolicyRuntimeReset.swift */; };
		100000000000000000000050 /* RulesWorkspaceSidebarView.swift in Sources */ = {isa = PBXBuildFile; fileRef = 200000000000000000000052 /* RulesWorkspaceSidebarView.swift */; };
		100000000000000000000051 /* RulesWorkspaceDefinitionEditor.swift in Sources */ = {isa = PBXBuildFile; fileRef = 200000000000000000000053 /* RulesWorkspaceDefinitionEditor.swift */; };
		100000000000000000000052 /* RulesWorkspaceTable.swift in Sources */ = {isa = PBXBuildFile; fileRef = 200000000000000000000054 /* RulesWorkspaceTable.swift */; };
		100000000000000000000053 /* RulesWorkspaceDefinitions.swift in Sources */ = {isa = PBXBuildFile; fileRef = 200000000000000000000055 /* RulesWorkspaceDefinitions.swift */; };
		100000000000000000000054 /* RulesWorkspaceDragSupport.swift in Sources */ = {isa = PBXBuildFile; fileRef = 200000000000000000000056 /* RulesWorkspaceDragSupport.swift */; };
		100000000000000000000055 /* RuleWorkspaceCommands.swift in Sources */ = {isa = PBXBuildFile; fileRef = 200000000000000000000057 /* RuleWorkspaceCommands.swift */; };
/* End PBXBuildFile section */

/* Begin PBXContainerItemProxy section */
		300000000000000000000001 /* PBXContainerItemProxy */ = {
			isa = PBXContainerItemProxy;
			containerPortal = 400000000000000000000001 /* Project object */;
			proxyType = 1;
			remoteGlobalIDString = 700000000000000000000002;
			remoteInfo = AbyssFilter;
		};
		300000000000000000000002 /* PBXContainerItemProxy */ = {
			isa = PBXContainerItemProxy;
			containerPortal = 400000000000000000000001 /* Project object */;
			proxyType = 1;
			remoteGlobalIDString = 700000000000000000000003;
			remoteInfo = AbyssCLI;
		};
/* End PBXContainerItemProxy section */

/* Begin PBXCopyFilesBuildPhase section */
		500000000000000000000001 /* Embed System Extensions */ = {
			isa = PBXCopyFilesBuildPhase;
			buildActionMask = 2147483647;
			dstPath = "Contents/Library/SystemExtensions";
			dstSubfolderSpec = 1;
			files = (
				100000000000000000000008 /* AbyssFilter.systemextension in Embed System Extensions */,
			);
			name = "Embed System Extensions";
			runOnlyForDeploymentPostprocessing = 0;
		};
		500000000000000000000002 /* Embed CLI Helper */ = {
			isa = PBXCopyFilesBuildPhase;
			buildActionMask = 2147483647;
			dstPath = Contents/Helpers;
			dstSubfolderSpec = 1;
			files = (
				100000000000000000000030 /* abyssctl in Embed CLI Helper */,
			);
			name = "Embed CLI Helper";
			runOnlyForDeploymentPostprocessing = 0;
		};
/* End PBXCopyFilesBuildPhase section */

/* Begin PBXFileReference section */
		200000000000000000000001 /* AbyssApp.swift */ = {isa = PBXFileReference; lastKnownFileType = sourcecode.swift; path = AbyssApp.swift; sourceTree = "<group>"; };
		200000000000000000000002 /* SetupView.swift */ = {isa = PBXFileReference; lastKnownFileType = sourcecode.swift; path = SetupView.swift; sourceTree = "<group>"; };
		200000000000000000000003 /* FilterLifecycleController.swift */ = {isa = PBXFileReference; lastKnownFileType = sourcecode.swift; path = FilterLifecycleController.swift; sourceTree = "<group>"; };
		200000000000000000000004 /* main.swift */ = {isa = PBXFileReference; lastKnownFileType = sourcecode.swift; path = main.swift; sourceTree = "<group>"; };
		200000000000000000000005 /* PolicyRuntime.swift */ = {isa = PBXFileReference; lastKnownFileType = sourcecode.swift; path = PolicyRuntime.swift; sourceTree = "<group>"; };
		200000000000000000000006 /* FilterServiceListener.swift */ = {isa = PBXFileReference; lastKnownFileType = sourcecode.swift; path = FilterServiceListener.swift; sourceTree = "<group>"; };
		200000000000000000000007 /* FilterDataProvider.swift */ = {isa = PBXFileReference; lastKnownFileType = sourcecode.swift; path = FilterDataProvider.swift; sourceTree = "<group>"; };
		200000000000000000000008 /* Abyss.app */ = {isa = PBXFileReference; explicitFileType = wrapper.application; includeInIndex = 0; path = Abyss.app; sourceTree = BUILT_PRODUCTS_DIR; };
		200000000000000000000009 /* AbyssFilter.systemextension */ = {isa = PBXFileReference; explicitFileType = wrapper.system-extension; includeInIndex = 0; path = AbyssFilter.systemextension; sourceTree = BUILT_PRODUCTS_DIR; };
		20000000000000000000000A /* SystemExtensions.framework */ = {isa = PBXFileReference; lastKnownFileType = wrapper.framework; name = SystemExtensions.framework; path = System/Library/Frameworks/SystemExtensions.framework; sourceTree = SDKROOT; };
		20000000000000000000000B /* NetworkExtension.framework */ = {isa = PBXFileReference; lastKnownFileType = wrapper.framework; name = NetworkExtension.framework; path = System/Library/Frameworks/NetworkExtension.framework; sourceTree = SDKROOT; };
		20000000000000000000000C /* Debug.xcconfig */ = {isa = PBXFileReference; lastKnownFileType = text.xcconfig; path = Debug.xcconfig; sourceTree = "<group>"; };
		20000000000000000000000D /* Release.xcconfig */ = {isa = PBXFileReference; lastKnownFileType = text.xcconfig; path = Release.xcconfig; sourceTree = "<group>"; };
		20000000000000000000000E /* Base.xcconfig */ = {isa = PBXFileReference; lastKnownFileType = text.xcconfig; path = Base.xcconfig; sourceTree = "<group>"; };
		20000000000000000000000F /* App-Info.plist */ = {isa = PBXFileReference; lastKnownFileType = text.plist.xml; path = "App-Info.plist"; sourceTree = "<group>"; };
		200000000000000000000010 /* Extension-Info.plist */ = {isa = PBXFileReference; lastKnownFileType = text.plist.xml; path = "Extension-Info.plist"; sourceTree = "<group>"; };
		200000000000000000000011 /* AbyssApp-Debug.entitlements */ = {isa = PBXFileReference; lastKnownFileType = text.plist.entitlements; path = "AbyssApp-Debug.entitlements"; sourceTree = "<group>"; };
		200000000000000000000012 /* AbyssApp-Release.entitlements */ = {isa = PBXFileReference; lastKnownFileType = text.plist.entitlements; path = "AbyssApp-Release.entitlements"; sourceTree = "<group>"; };
		200000000000000000000013 /* AbyssFilter-Debug.entitlements */ = {isa = PBXFileReference; lastKnownFileType = text.plist.entitlements; path = "AbyssFilter-Debug.entitlements"; sourceTree = "<group>"; };
		200000000000000000000014 /* AbyssFilter-Release.entitlements */ = {isa = PBXFileReference; lastKnownFileType = text.plist.entitlements; path = "AbyssFilter-Release.entitlements"; sourceTree = "<group>"; };
		200000000000000000000015 /* LoopbackSettings.m */ = {isa = PBXFileReference; lastKnownFileType = sourcecode.c.objc; path = LoopbackSettings.m; sourceTree = "<group>"; };
		200000000000000000000016 /* LoopbackSettings.h */ = {isa = PBXFileReference; lastKnownFileType = sourcecode.c.h; path = LoopbackSettings.h; sourceTree = "<group>"; };
		200000000000000000000017 /* FlowMetadataNormalizer.swift */ = {isa = PBXFileReference; lastKnownFileType = sourcecode.swift; path = FlowMetadataNormalizer.swift; sourceTree = "<group>"; };
		200000000000000000000018 /* FilterControlSession.swift */ = {isa = PBXFileReference; lastKnownFileType = sourcecode.swift; path = FilterControlSession.swift; sourceTree = "<group>"; };
		200000000000000000000019 /* SystemConfiguration.framework */ = {isa = PBXFileReference; lastKnownFileType = wrapper.framework; name = SystemConfiguration.framework; path = System/Library/Frameworks/SystemConfiguration.framework; sourceTree = SDKROOT; };
		20000000000000000000001A /* libbsm.tbd */ = {isa = PBXFileReference; lastKnownFileType = "sourcecode.text-based-dylib-definition"; name = libbsm.tbd; path = usr/lib/libbsm.tbd; sourceTree = SDKROOT; };
		20000000000000000000001B /* FilterControlClient.swift */ = {isa = PBXFileReference; lastKnownFileType = sourcecode.swift; path = FilterControlClient.swift; sourceTree = "<group>"; };
		20000000000000000000001C /* ControlPlaneController.swift */ = {isa = PBXFileReference; lastKnownFileType = sourcecode.swift; path = ControlPlaneController.swift; sourceTree = "<group>"; };
		20000000000000000000001D /* IdentityResolver.swift */ = {isa = PBXFileReference; lastKnownFileType = sourcecode.swift; path = IdentityResolver.swift; sourceTree = "<group>"; };
		20000000000000000000001E /* FlowResolutionCoordinator.swift */ = {isa = PBXFileReference; lastKnownFileType = sourcecode.swift; path = FlowResolutionCoordinator.swift; sourceTree = "<group>"; };
		20000000000000000000001F /* Security.framework */ = {isa = PBXFileReference; lastKnownFileType = wrapper.framework; name = Security.framework; path = System/Library/Frameworks/Security.framework; sourceTree = SDKROOT; };
		200000000000000000000020 /* ConnectionAlertView.swift */ = {isa = PBXFileReference; lastKnownFileType = sourcecode.swift; path = ConnectionAlertView.swift; sourceTree = "<group>"; };
		200000000000000000000021 /* PromptPanelController.swift */ = {isa = PBXFileReference; lastKnownFileType = sourcecode.swift; path = PromptPanelController.swift; sourceTree = "<group>"; };
		200000000000000000000022 /* StatusMenuView.swift */ = {isa = PBXFileReference; lastKnownFileType = sourcecode.swift; path = StatusMenuView.swift; sourceTree = "<group>"; };
		200000000000000000000023 /* RulesWorkspaceController.swift */ = {isa = PBXFileReference; lastKnownFileType = sourcecode.swift; path = RulesWorkspaceController.swift; sourceTree = "<group>"; };
		200000000000000000000024 /* ManualRuleEditorView.swift */ = {isa = PBXFileReference; lastKnownFileType = sourcecode.swift; path = ManualRuleEditorView.swift; sourceTree = "<group>"; };
		200000000000000000000025 /* RulesWorkspaceView.swift */ = {isa = PBXFileReference; lastKnownFileType = sourcecode.swift; path = RulesWorkspaceView.swift; sourceTree = "<group>"; };
		200000000000000000000026 /* FlowDescriptorRuntimeExtensions.swift */ = {isa = PBXFileReference; lastKnownFileType = sourcecode.swift; path = FlowDescriptorRuntimeExtensions.swift; sourceTree = "<group>"; };
		200000000000000000000027 /* MonitorView.swift */ = {isa = PBXFileReference; lastKnownFileType = sourcecode.swift; path = MonitorView.swift; sourceTree = "<group>"; };
		200000000000000000000028 /* DecisionChartView.swift */ = {isa = PBXFileReference; lastKnownFileType = sourcecode.swift; path = DecisionChartView.swift; sourceTree = "<group>"; };
		200000000000000000000029 /* NotificationRouter.swift */ = {isa = PBXFileReference; lastKnownFileType = sourcecode.swift; path = NotificationRouter.swift; sourceTree = "<group>"; };
		20000000000000000000002A /* SettingsView.swift */ = {isa = PBXFileReference; lastKnownFileType = sourcecode.swift; path = SettingsView.swift; sourceTree = "<group>"; };
		20000000000000000000002B /* FixtureDecisionDriver.swift */ = {isa = PBXFileReference; lastKnownFileType = sourcecode.swift; path = FixtureDecisionDriver.swift; sourceTree = "<group>"; };
		20000000000000000000002C /* ControlPlaneArchive.swift */ = {isa = PBXFileReference; lastKnownFileType = sourcecode.swift; path = ControlPlaneArchive.swift; sourceTree = "<group>"; };
		20000000000000000000002D /* ArchiveFileAccess.swift */ = {isa = PBXFileReference; lastKnownFileType = sourcecode.swift; path = ArchiveFileAccess.swift; sourceTree = "<group>"; };
		20000000000000000000002E /* ControlPlanePolicyCommands.swift */ = {isa = PBXFileReference; lastKnownFileType = sourcecode.swift; path = ControlPlanePolicyCommands.swift; sourceTree = "<group>"; };
		20000000000000000000002F /* main.swift */ = {isa = PBXFileReference; lastKnownFileType = sourcecode.swift; path = main.swift; sourceTree = "<group>"; };
		200000000000000000000030 /* CLIServiceClient.swift */ = {isa = PBXFileReference; lastKnownFileType = sourcecode.swift; path = CLIServiceClient.swift; sourceTree = "<group>"; };
		200000000000000000000031 /* CLIFileAccess.swift */ = {isa = PBXFileReference; lastKnownFileType = sourcecode.swift; path = CLIFileAccess.swift; sourceTree = "<group>"; };
		200000000000000000000032 /* abyssctl */ = {isa = PBXFileReference; explicitFileType = "compiled.mach-o.executable"; includeInIndex = 0; path = abyssctl; sourceTree = BUILT_PRODUCTS_DIR; };
		200000000000000000000033 /* MonitorPolicyActions.swift */ = {isa = PBXFileReference; lastKnownFileType = sourcecode.swift; path = MonitorPolicyActions.swift; sourceTree = "<group>"; };
		200000000000000000000034 /* ControlPlaneRulePreview.swift */ = {isa = PBXFileReference; lastKnownFileType = sourcecode.swift; path = ControlPlaneRulePreview.swift; sourceTree = "<group>"; };
		200000000000000000000035 /* RuleImpactPreviewView.swift */ = {isa = PBXFileReference; lastKnownFileType = sourcecode.swift; path = RuleImpactPreviewView.swift; sourceTree = "<group>"; };
		200000000000000000000036 /* DiagnosticsBundle.swift */ = {isa = PBXFileReference; lastKnownFileType = sourcecode.swift; path = DiagnosticsBundle.swift; sourceTree = "<group>"; };
		200000000000000000000037 /* AdvancedSettingsPane.swift */ = {isa = PBXFileReference; lastKnownFileType = sourcecode.swift; path = AdvancedSettingsPane.swift; sourceTree = "<group>"; };
		200000000000000000000038 /* ControlPlaneHistory.swift */ = {isa = PBXFileReference; lastKnownFileType = sourcecode.swift; path = ControlPlaneHistory.swift; sourceTree = "<group>"; };
		200000000000000000000039 /* ControlPlaneRecovery.swift */ = {isa = PBXFileReference; lastKnownFileType = sourcecode.swift; path = ControlPlaneRecovery.swift; sourceTree = "<group>"; };
		20000000000000000000003A /* GeoFileAccess.swift */ = {isa = PBXFileReference; lastKnownFileType = sourcecode.swift; path = GeoFileAccess.swift; sourceTree = "<group>"; };
		20000000000000000000003B /* GeolocationController.swift */ = {isa = PBXFileReference; lastKnownFileType = sourcecode.swift; path = GeolocationController.swift; sourceTree = "<group>"; };
		20000000000000000000003C /* MonitorFixtureData.swift */ = {isa = PBXFileReference; lastKnownFileType = sourcecode.swift; path = MonitorFixtureData.swift; sourceTree = "<group>"; };
		20000000000000000000003D /* DestinationMapView.swift */ = {isa = PBXFileReference; lastKnownFileType = sourcecode.swift; path = DestinationMapView.swift; sourceTree = "<group>"; };
		20000000000000000000003E /* MonitorMapSection.swift */ = {isa = PBXFileReference; lastKnownFileType = sourcecode.swift; path = MonitorMapSection.swift; sourceTree = "<group>"; };
		20000000000000000000003F /* GeoSettingsPane.swift */ = {isa = PBXFileReference; lastKnownFileType = sourcecode.swift; path = GeoSettingsPane.swift; sourceTree = "<group>"; };
		200000000000000000000040 /* MapKit.framework */ = {isa = PBXFileReference; lastKnownFileType = wrapper.framework; name = MapKit.framework; path = System/Library/Frameworks/MapKit.framework; sourceTree = SDKROOT; };
		200000000000000000000041 /* AppSession.swift */ = {isa = PBXFileReference; lastKnownFileType = sourcecode.swift; path = AppSession.swift; sourceTree = "<group>"; };
		200000000000000000000042 /* MonitorSidebarView.swift */ = {isa = PBXFileReference; lastKnownFileType = sourcecode.swift; path = MonitorSidebarView.swift; sourceTree = "<group>"; };
		200000000000000000000043 /* MonitorSummaryView.swift */ = {isa = PBXFileReference; lastKnownFileType = sourcecode.swift; path = MonitorSummaryView.swift; sourceTree = "<group>"; };
		200000000000000000000044 /* SettingsPrimaryPanes.swift */ = {isa = PBXFileReference; lastKnownFileType = sourcecode.swift; path = SettingsPrimaryPanes.swift; sourceTree = "<group>"; };
		200000000000000000000045 /* PolicySettingsPane.swift */ = {isa = PBXFileReference; lastKnownFileType = sourcecode.swift; path = PolicySettingsPane.swift; sourceTree = "<group>"; };
		200000000000000000000046 /* ControlPlaneRuleMutations.swift */ = {isa = PBXFileReference; lastKnownFileType = sourcecode.swift; path = ControlPlaneRuleMutations.swift; sourceTree = "<group>"; };
		200000000000000000000047 /* ApplicationArtworkStore.swift */ = {isa = PBXFileReference; lastKnownFileType = sourcecode.swift; path = ApplicationArtworkStore.swift; sourceTree = "<group>"; };
		200000000000000000000048 /* ApplicationIdentityIcon.swift */ = {isa = PBXFileReference; lastKnownFileType = sourcecode.swift; path = ApplicationIdentityIcon.swift; sourceTree = "<group>"; };
		200000000000000000000049 /* ConsoleSessionTracker.swift */ = {isa = PBXFileReference; lastKnownFileType = sourcecode.swift; path = ConsoleSessionTracker.swift; sourceTree = "<group>"; };
		20000000000000000000004A /* FlowResolutionOutput.swift */ = {isa = PBXFileReference; lastKnownFileType = sourcecode.swift; path = FlowResolutionOutput.swift; sourceTree = "<group>"; };
		20000000000000000000004B /* FilterLifecycleSupport.swift */ = {isa = PBXFileReference; lastKnownFileType = sourcecode.swift; path = FilterLifecycleSupport.swift; sourceTree = "<group>"; };
		20000000000000000000004C /* InterfaceRouteSnapshotStore.swift */ = {isa = PBXFileReference; lastKnownFileType = sourcecode.swift; path = InterfaceRouteSnapshotStore.swift; sourceTree = "<group>"; };
		20000000000000000000004D /* ControlPlaneCommandErrors.swift */ = {isa = PBXFileReference; lastKnownFileType = sourcecode.swift; path = ControlPlaneCommandErrors.swift; sourceTree = "<group>"; };
		20000000000000000000004E /* ManualRuleOverrideConfirmation.swift */ = {isa = PBXFileReference; lastKnownFileType = sourcecode.swift; path = ManualRuleOverrideConfirmation.swift; sourceTree = "<group>"; };
		20000000000000000000004F /* ControlPlaneBlocklistEntries.swift */ = {isa = PBXFileReference; lastKnownFileType = sourcecode.swift; path = ControlPlaneBlocklistEntries.swift; sourceTree = "<group>"; };
		200000000000000000000050 /* RuntimeEnvironment.swift */ = {isa = PBXFileReference; lastKnownFileType = sourcecode.swift; path = RuntimeEnvironment.swift; sourceTree = "<group>"; };
		200000000000000000000051 /* PolicyRuntimeReset.swift */ = {isa = PBXFileReference; lastKnownFileType = sourcecode.swift; path = PolicyRuntimeReset.swift; sourceTree = "<group>"; };
		200000000000000000000052 /* RulesWorkspaceSidebarView.swift */ = {isa = PBXFileReference; lastKnownFileType = sourcecode.swift; path = RulesWorkspaceSidebarView.swift; sourceTree = "<group>"; };
		200000000000000000000053 /* RulesWorkspaceDefinitionEditor.swift */ = {isa = PBXFileReference; lastKnownFileType = sourcecode.swift; path = RulesWorkspaceDefinitionEditor.swift; sourceTree = "<group>"; };
		200000000000000000000054 /* RulesWorkspaceTable.swift */ = {isa = PBXFileReference; lastKnownFileType = sourcecode.swift; path = RulesWorkspaceTable.swift; sourceTree = "<group>"; };
		200000000000000000000055 /* RulesWorkspaceDefinitions.swift */ = {isa = PBXFileReference; lastKnownFileType = sourcecode.swift; path = RulesWorkspaceDefinitions.swift; sourceTree = "<group>"; };
		200000000000000000000056 /* RulesWorkspaceDragSupport.swift */ = {isa = PBXFileReference; lastKnownFileType = sourcecode.swift; path = RulesWorkspaceDragSupport.swift; sourceTree = "<group>"; };
		200000000000000000000057 /* RuleWorkspaceCommands.swift */ = {isa = PBXFileReference; lastKnownFileType = sourcecode.swift; path = RuleWorkspaceCommands.swift; sourceTree = "<group>"; };
/* End PBXFileReference section */

/* Begin PBXFrameworksBuildPhase section */
		600000000000000000000001 /* Frameworks */ = {
			isa = PBXFrameworksBuildPhase;
			buildActionMask = 2147483647;
			files = (
				100000000000000000000009 /* SystemExtensions.framework in Frameworks */,
				10000000000000000000000A /* NetworkExtension.framework in Frameworks */,
				10000000000000000000003E /* MapKit.framework in Frameworks */,
				10000000000000000000000C /* AbyssCore in Frameworks */,
				10000000000000000000000D /* AbyssIPC in Frameworks */,
				100000000000000000000011 /* AbyssControl in Frameworks */,
			);
			runOnlyForDeploymentPostprocessing = 0;
		};
		600000000000000000000002 /* Frameworks */ = {
			isa = PBXFrameworksBuildPhase;
			buildActionMask = 2147483647;
			files = (
				10000000000000000000000B /* NetworkExtension.framework in Frameworks */,
				10000000000000000000000E /* AbyssCore in Frameworks */,
				10000000000000000000000F /* AbyssIPC in Frameworks */,
				100000000000000000000012 /* AbyssFilterRuntime in Frameworks */,
				100000000000000000000015 /* SystemConfiguration.framework in Frameworks */,
				100000000000000000000016 /* libbsm.tbd in Frameworks */,
				10000000000000000000001B /* Security.framework in Frameworks */,
			);
			runOnlyForDeploymentPostprocessing = 0;
		};
		600000000000000000000003 /* Frameworks */ = {
			isa = PBXFrameworksBuildPhase;
			buildActionMask = 2147483647;
			files = (
				10000000000000000000002E /* AbyssIPC in Frameworks */,
				10000000000000000000002F /* ArgumentParser in Frameworks */,
			);
			runOnlyForDeploymentPostprocessing = 0;
		};
/* End PBXFrameworksBuildPhase section */

/* Begin PBXGroup section */
		800000000000000000000001 = {
			isa = PBXGroup;
			children = (
				800000000000000000000002 /* App */,
				800000000000000000000003 /* Extension */,
				800000000000000000000007 /* CLI */,
				800000000000000000000004 /* Configuration */,
				800000000000000000000005 /* Frameworks */,
				800000000000000000000006 /* Products */,
			);
			sourceTree = "<group>";
		};
		800000000000000000000002 /* App */ = {
			isa = PBXGroup;
			children = (
				200000000000000000000001 /* AbyssApp.swift */,
				200000000000000000000041 /* AppSession.swift */,
				200000000000000000000047 /* ApplicationArtworkStore.swift */,
				200000000000000000000048 /* ApplicationIdentityIcon.swift */,
				200000000000000000000002 /* SetupView.swift */,
				200000000000000000000003 /* FilterLifecycleController.swift */,
				20000000000000000000004B /* FilterLifecycleSupport.swift */,
				20000000000000000000001B /* FilterControlClient.swift */,
				20000000000000000000001C /* ControlPlaneController.swift */,
				20000000000000000000004D /* ControlPlaneCommandErrors.swift */,
				200000000000000000000020 /* ConnectionAlertView.swift */,
				200000000000000000000021 /* PromptPanelController.swift */,
				200000000000000000000022 /* StatusMenuView.swift */,
				200000000000000000000023 /* RulesWorkspaceController.swift */,
				200000000000000000000052 /* RulesWorkspaceSidebarView.swift */,
				200000000000000000000053 /* RulesWorkspaceDefinitionEditor.swift */,
				200000000000000000000054 /* RulesWorkspaceTable.swift */,
				200000000000000000000055 /* RulesWorkspaceDefinitions.swift */,
				200000000000000000000056 /* RulesWorkspaceDragSupport.swift */,
				200000000000000000000057 /* RuleWorkspaceCommands.swift */,
				200000000000000000000024 /* ManualRuleEditorView.swift */,
				20000000000000000000004E /* ManualRuleOverrideConfirmation.swift */,
				200000000000000000000025 /* RulesWorkspaceView.swift */,
				200000000000000000000027 /* MonitorView.swift */,
				200000000000000000000042 /* MonitorSidebarView.swift */,
				200000000000000000000043 /* MonitorSummaryView.swift */,
				200000000000000000000028 /* DecisionChartView.swift */,
				200000000000000000000029 /* NotificationRouter.swift */,
				20000000000000000000002A /* SettingsView.swift */,
				200000000000000000000044 /* SettingsPrimaryPanes.swift */,
				200000000000000000000045 /* PolicySettingsPane.swift */,
				20000000000000000000002B /* FixtureDecisionDriver.swift */,
				20000000000000000000002C /* ControlPlaneArchive.swift */,
				20000000000000000000002D /* ArchiveFileAccess.swift */,
				20000000000000000000002E /* ControlPlanePolicyCommands.swift */,
				200000000000000000000046 /* ControlPlaneRuleMutations.swift */,
				20000000000000000000004F /* ControlPlaneBlocklistEntries.swift */,
				200000000000000000000033 /* MonitorPolicyActions.swift */,
				200000000000000000000034 /* ControlPlaneRulePreview.swift */,
				200000000000000000000035 /* RuleImpactPreviewView.swift */,
				200000000000000000000036 /* DiagnosticsBundle.swift */,
				200000000000000000000037 /* AdvancedSettingsPane.swift */,
				200000000000000000000038 /* ControlPlaneHistory.swift */,
				200000000000000000000039 /* ControlPlaneRecovery.swift */,
				20000000000000000000003A /* GeoFileAccess.swift */,
				20000000000000000000003B /* GeolocationController.swift */,
				20000000000000000000003C /* MonitorFixtureData.swift */,
				20000000000000000000003D /* DestinationMapView.swift */,
				20000000000000000000003E /* MonitorMapSection.swift */,
				20000000000000000000003F /* GeoSettingsPane.swift */,
			);
			path = App;
			sourceTree = "<group>";
		};
		800000000000000000000003 /* Extension */ = {
			isa = PBXGroup;
			children = (
				200000000000000000000004 /* main.swift */,
				200000000000000000000005 /* PolicyRuntime.swift */,
				200000000000000000000050 /* RuntimeEnvironment.swift */,
				200000000000000000000051 /* PolicyRuntimeReset.swift */,
				200000000000000000000006 /* FilterServiceListener.swift */,
				200000000000000000000007 /* FilterDataProvider.swift */,
				200000000000000000000049 /* ConsoleSessionTracker.swift */,
				200000000000000000000015 /* LoopbackSettings.m */,
				200000000000000000000016 /* LoopbackSettings.h */,
				200000000000000000000017 /* FlowMetadataNormalizer.swift */,
				20000000000000000000004C /* InterfaceRouteSnapshotStore.swift */,
				200000000000000000000018 /* FilterControlSession.swift */,
				20000000000000000000001D /* IdentityResolver.swift */,
				20000000000000000000001E /* FlowResolutionCoordinator.swift */,
				20000000000000000000004A /* FlowResolutionOutput.swift */,
				200000000000000000000026 /* FlowDescriptorRuntimeExtensions.swift */,
			);
			path = Extension;
			sourceTree = "<group>";
		};
		800000000000000000000004 /* Configuration */ = {
			isa = PBXGroup;
			children = (
				20000000000000000000000E /* Base.xcconfig */,
				20000000000000000000000C /* Debug.xcconfig */,
				20000000000000000000000D /* Release.xcconfig */,
				20000000000000000000000F /* App-Info.plist */,
				200000000000000000000010 /* Extension-Info.plist */,
				200000000000000000000011 /* AbyssApp-Debug.entitlements */,
				200000000000000000000012 /* AbyssApp-Release.entitlements */,
				200000000000000000000013 /* AbyssFilter-Debug.entitlements */,
				200000000000000000000014 /* AbyssFilter-Release.entitlements */,
			);
			path = Configuration;
			sourceTree = "<group>";
		};
		800000000000000000000005 /* Frameworks */ = {
			isa = PBXGroup;
			children = (
				20000000000000000000000A /* SystemExtensions.framework */,
				20000000000000000000000B /* NetworkExtension.framework */,
				200000000000000000000019 /* SystemConfiguration.framework */,
				20000000000000000000001A /* libbsm.tbd */,
				20000000000000000000001F /* Security.framework */,
				200000000000000000000040 /* MapKit.framework */,
			);
			name = Frameworks;
			sourceTree = "<group>";
		};
		800000000000000000000006 /* Products */ = {
			isa = PBXGroup;
			children = (
				200000000000000000000008 /* Abyss.app */,
				200000000000000000000009 /* AbyssFilter.systemextension */,
				200000000000000000000032 /* abyssctl */,
			);
			name = Products;
			sourceTree = "<group>";
		};
		800000000000000000000007 /* CLI */ = {
			isa = PBXGroup;
			children = (
				20000000000000000000002F /* main.swift */,
				200000000000000000000030 /* CLIServiceClient.swift */,
				200000000000000000000031 /* CLIFileAccess.swift */,
			);
			path = CLI;
			sourceTree = "<group>";
		};
/* End PBXGroup section */

/* Begin PBXNativeTarget section */
		700000000000000000000001 /* Abyss */ = {
			isa = PBXNativeTarget;
			buildConfigurationList = 900000000000000000000001 /* Build configuration list for PBXNativeTarget "Abyss" */;
			buildPhases = (
				600000000000000000000001 /* Frameworks */,
				B00000000000000000000001 /* Sources */,
				C00000000000000000000001 /* Resources */,
				500000000000000000000001 /* Embed System Extensions */,
				500000000000000000000002 /* Embed CLI Helper */,
			);
			buildRules = (
			);
			dependencies = (
				D00000000000000000000001 /* PBXTargetDependency */,
				D00000000000000000000002 /* PBXTargetDependency */,
			);
			name = Abyss;
			packageProductDependencies = (
				A00000000000000000000001 /* AbyssCore */,
				A00000000000000000000002 /* AbyssIPC */,
				A00000000000000000000005 /* AbyssControl */,
			);
			productName = Abyss;
			productReference = 200000000000000000000008 /* Abyss.app */;
			productType = "com.apple.product-type.application";
		};
		700000000000000000000002 /* AbyssFilter */ = {
			isa = PBXNativeTarget;
			buildConfigurationList = 900000000000000000000002 /* Build configuration list for PBXNativeTarget "AbyssFilter" */;
			buildPhases = (
				600000000000000000000002 /* Frameworks */,
				B00000000000000000000002 /* Sources */,
				C00000000000000000000002 /* Resources */,
			);
			buildRules = (
			);
			dependencies = (
			);
			name = AbyssFilter;
			packageProductDependencies = (
				A00000000000000000000003 /* AbyssCore */,
				A00000000000000000000004 /* AbyssIPC */,
				A00000000000000000000006 /* AbyssFilterRuntime */,
			);
			productName = AbyssFilter;
			productReference = 200000000000000000000009 /* AbyssFilter.systemextension */;
			productType = "com.apple.product-type.system-extension";
		};
		700000000000000000000003 /* AbyssCLI */ = {
			isa = PBXNativeTarget;
			buildConfigurationList = 900000000000000000000004 /* Build configuration list for PBXNativeTarget "AbyssCLI" */;
			buildPhases = (
				600000000000000000000003 /* Frameworks */,
				B00000000000000000000003 /* Sources */,
			);
			buildRules = (
			);
			dependencies = (
			);
			name = AbyssCLI;
			packageProductDependencies = (
				A00000000000000000000007 /* AbyssIPC */,
				A00000000000000000000008 /* ArgumentParser */,
			);
			productName = abyssctl;
			productReference = 200000000000000000000032 /* abyssctl */;
			productType = "com.apple.product-type.tool";
		};
/* End PBXNativeTarget section */

/* Begin PBXProject section */
		400000000000000000000001 /* Project object */ = {
			isa = PBXProject;
			attributes = {
				BuildIndependentTargetsInParallel = YES;
				LastSwiftUpdateCheck = 2660;
				LastUpgradeCheck = 2660;
				TargetAttributes = {
					700000000000000000000001 = {CreatedOnToolsVersion = 26.6; };
					700000000000000000000002 = {CreatedOnToolsVersion = 26.6; };
					700000000000000000000003 = {CreatedOnToolsVersion = 26.6; };
				};
			};
			buildConfigurationList = 900000000000000000000003 /* Build configuration list for PBXProject "Abyss" */;
			developmentRegion = en;
			hasScannedForEncodings = 0;
			knownRegions = (en, Base, );
			mainGroup = 800000000000000000000001;
			minimizedProjectReferenceProxies = 1;
			packageReferences = (
				E00000000000000000000001 /* XCLocalSwiftPackageReference "AbyssCore" */,
				E00000000000000000000002 /* XCLocalSwiftPackageReference "AbyssIPC" */,
				E00000000000000000000003 /* XCLocalSwiftPackageReference "AbyssControl" */,
				E00000000000000000000004 /* XCLocalSwiftPackageReference "AbyssFilterRuntime" */,
				E00000000000000000000005 /* XCRemoteSwiftPackageReference "swift-argument-parser" */,
			);
			preferredProjectObjectVersion = 77;
			productRefGroup = 800000000000000000000006 /* Products */;
			projectDirPath = "";
			projectRoot = "";
			targets = (
				700000000000000000000001 /* Abyss */,
				700000000000000000000002 /* AbyssFilter */,
				700000000000000000000003 /* AbyssCLI */,
			);
		};
/* End PBXProject section */

/* Begin PBXResourcesBuildPhase section */
		C00000000000000000000001 /* Resources */ = {isa = PBXResourcesBuildPhase; buildActionMask = 2147483647; files = (); runOnlyForDeploymentPostprocessing = 0; };
		C00000000000000000000002 /* Resources */ = {isa = PBXResourcesBuildPhase; buildActionMask = 2147483647; files = (); runOnlyForDeploymentPostprocessing = 0; };
/* End PBXResourcesBuildPhase section */

/* Begin PBXSourcesBuildPhase section */
		B00000000000000000000001 /* Sources */ = {
			isa = PBXSourcesBuildPhase;
			buildActionMask = 2147483647;
			files = (
				100000000000000000000001 /* AbyssApp.swift in Sources */,
				10000000000000000000003F /* AppSession.swift in Sources */,
				100000000000000000000045 /* ApplicationArtworkStore.swift in Sources */,
				100000000000000000000046 /* ApplicationIdentityIcon.swift in Sources */,
				100000000000000000000002 /* SetupView.swift in Sources */,
				100000000000000000000003 /* FilterLifecycleController.swift in Sources */,
				100000000000000000000049 /* FilterLifecycleSupport.swift in Sources */,
				100000000000000000000017 /* FilterControlClient.swift in Sources */,
				100000000000000000000018 /* ControlPlaneController.swift in Sources */,
				10000000000000000000004B /* ControlPlaneCommandErrors.swift in Sources */,
				10000000000000000000001C /* ConnectionAlertView.swift in Sources */,
				10000000000000000000001D /* PromptPanelController.swift in Sources */,
				10000000000000000000001E /* StatusMenuView.swift in Sources */,
				10000000000000000000001F /* RulesWorkspaceController.swift in Sources */,
				100000000000000000000050 /* RulesWorkspaceSidebarView.swift in Sources */,
				100000000000000000000051 /* RulesWorkspaceDefinitionEditor.swift in Sources */,
				100000000000000000000052 /* RulesWorkspaceTable.swift in Sources */,
				100000000000000000000053 /* RulesWorkspaceDefinitions.swift in Sources */,
				100000000000000000000054 /* RulesWorkspaceDragSupport.swift in Sources */,
				100000000000000000000055 /* RuleWorkspaceCommands.swift in Sources */,
				100000000000000000000020 /* ManualRuleEditorView.swift in Sources */,
				10000000000000000000004C /* ManualRuleOverrideConfirmation.swift in Sources */,
				100000000000000000000021 /* RulesWorkspaceView.swift in Sources */,
				100000000000000000000023 /* MonitorView.swift in Sources */,
				100000000000000000000040 /* MonitorSidebarView.swift in Sources */,
				100000000000000000000041 /* MonitorSummaryView.swift in Sources */,
				100000000000000000000024 /* DecisionChartView.swift in Sources */,
				100000000000000000000025 /* NotificationRouter.swift in Sources */,
				100000000000000000000026 /* SettingsView.swift in Sources */,
				100000000000000000000042 /* SettingsPrimaryPanes.swift in Sources */,
				100000000000000000000043 /* PolicySettingsPane.swift in Sources */,
				100000000000000000000027 /* FixtureDecisionDriver.swift in Sources */,
				100000000000000000000028 /* ControlPlaneArchive.swift in Sources */,
				100000000000000000000029 /* ArchiveFileAccess.swift in Sources */,
				10000000000000000000002A /* ControlPlanePolicyCommands.swift in Sources */,
				100000000000000000000044 /* ControlPlaneRuleMutations.swift in Sources */,
				10000000000000000000004D /* ControlPlaneBlocklistEntries.swift in Sources */,
				100000000000000000000031 /* MonitorPolicyActions.swift in Sources */,
				100000000000000000000032 /* ControlPlaneRulePreview.swift in Sources */,
				100000000000000000000033 /* RuleImpactPreviewView.swift in Sources */,
				100000000000000000000034 /* DiagnosticsBundle.swift in Sources */,
				100000000000000000000035 /* AdvancedSettingsPane.swift in Sources */,
				100000000000000000000036 /* ControlPlaneHistory.swift in Sources */,
				100000000000000000000037 /* ControlPlaneRecovery.swift in Sources */,
				100000000000000000000038 /* GeoFileAccess.swift in Sources */,
				100000000000000000000039 /* GeolocationController.swift in Sources */,
				10000000000000000000003A /* MonitorFixtureData.swift in Sources */,
				10000000000000000000003B /* DestinationMapView.swift in Sources */,
				10000000000000000000003C /* MonitorMapSection.swift in Sources */,
				10000000000000000000003D /* GeoSettingsPane.swift in Sources */,
			);
			runOnlyForDeploymentPostprocessing = 0;
		};
		B00000000000000000000002 /* Sources */ = {
			isa = PBXSourcesBuildPhase;
			buildActionMask = 2147483647;
			files = (
				100000000000000000000004 /* main.swift in Sources */,
				100000000000000000000005 /* PolicyRuntime.swift in Sources */,
				10000000000000000000004E /* RuntimeEnvironment.swift in Sources */,
				10000000000000000000004F /* PolicyRuntimeReset.swift in Sources */,
				100000000000000000000006 /* FilterServiceListener.swift in Sources */,
				100000000000000000000007 /* FilterDataProvider.swift in Sources */,
				100000000000000000000047 /* ConsoleSessionTracker.swift in Sources */,
				100000000000000000000010 /* LoopbackSettings.m in Sources */,
				100000000000000000000013 /* FlowMetadataNormalizer.swift in Sources */,
				10000000000000000000004A /* InterfaceRouteSnapshotStore.swift in Sources */,
				100000000000000000000014 /* FilterControlSession.swift in Sources */,
				100000000000000000000019 /* IdentityResolver.swift in Sources */,
				10000000000000000000001A /* FlowResolutionCoordinator.swift in Sources */,
				100000000000000000000048 /* FlowResolutionOutput.swift in Sources */,
				100000000000000000000022 /* FlowDescriptorRuntimeExtensions.swift in Sources */,
			);
			runOnlyForDeploymentPostprocessing = 0;
		};
		B00000000000000000000003 /* Sources */ = {
			isa = PBXSourcesBuildPhase;
			buildActionMask = 2147483647;
			files = (
				10000000000000000000002B /* main.swift in Sources */,
				10000000000000000000002C /* CLIServiceClient.swift in Sources */,
				10000000000000000000002D /* CLIFileAccess.swift in Sources */,
			);
			runOnlyForDeploymentPostprocessing = 0;
		};
/* End PBXSourcesBuildPhase section */

/* Begin PBXTargetDependency section */
		D00000000000000000000001 /* PBXTargetDependency */ = {isa = PBXTargetDependency; target = 700000000000000000000002 /* AbyssFilter */; targetProxy = 300000000000000000000001 /* PBXContainerItemProxy */; };
		D00000000000000000000002 /* PBXTargetDependency */ = {isa = PBXTargetDependency; target = 700000000000000000000003 /* AbyssCLI */; targetProxy = 300000000000000000000002 /* PBXContainerItemProxy */; };
/* End PBXTargetDependency section */

/* Begin XCBuildConfiguration section */
		F00000000000000000000001 /* Debug */ = {
			isa = XCBuildConfiguration;
			baseConfigurationReference = 20000000000000000000000C /* Debug.xcconfig */;
			buildSettings = {
				CODE_SIGN_ENTITLEMENTS = "Configuration/AbyssApp-Debug.entitlements";
				COMBINE_HIDPI_IMAGES = YES;
				GENERATE_INFOPLIST_FILE = NO;
				INFOPLIST_FILE = "Configuration/App-Info.plist";
				PRODUCT_BUNDLE_IDENTIFIER = "$(ABYSS_BUNDLE_PREFIX)";
				PRODUCT_NAME = Abyss;
			};
			name = Debug;
		};
		F00000000000000000000002 /* Release */ = {
			isa = XCBuildConfiguration;
			baseConfigurationReference = 20000000000000000000000D /* Release.xcconfig */;
			buildSettings = {
				CODE_SIGN_ENTITLEMENTS = "Configuration/AbyssApp-Release.entitlements";
				COMBINE_HIDPI_IMAGES = YES;
				GENERATE_INFOPLIST_FILE = NO;
				INFOPLIST_FILE = "Configuration/App-Info.plist";
				PRODUCT_BUNDLE_IDENTIFIER = "$(ABYSS_BUNDLE_PREFIX)";
				PRODUCT_NAME = Abyss;
			};
			name = Release;
		};
		F00000000000000000000003 /* Debug */ = {
			isa = XCBuildConfiguration;
			baseConfigurationReference = 20000000000000000000000C /* Debug.xcconfig */;
			buildSettings = {
				CODE_SIGN_ENTITLEMENTS = "Configuration/AbyssFilter-Debug.entitlements";
				GENERATE_INFOPLIST_FILE = NO;
				INFOPLIST_FILE = "Configuration/Extension-Info.plist";
				PRODUCT_BUNDLE_IDENTIFIER = "$(ABYSS_BUNDLE_PREFIX).filter";
				PRODUCT_MODULE_NAME = AbyssFilter;
				PRODUCT_NAME = AbyssFilter;
				SKIP_INSTALL = YES;
				SWIFT_OBJC_BRIDGING_HEADER = "Extension/LoopbackSettings.h";
				LD_RUNPATH_SEARCH_PATHS = "/usr/lib/swift";
			};
			name = Debug;
		};
		F00000000000000000000004 /* Release */ = {
			isa = XCBuildConfiguration;
			baseConfigurationReference = 20000000000000000000000D /* Release.xcconfig */;
			buildSettings = {
				CODE_SIGN_ENTITLEMENTS = "Configuration/AbyssFilter-Release.entitlements";
				GENERATE_INFOPLIST_FILE = NO;
				INFOPLIST_FILE = "Configuration/Extension-Info.plist";
				PRODUCT_BUNDLE_IDENTIFIER = "$(ABYSS_BUNDLE_PREFIX).filter";
				PRODUCT_MODULE_NAME = AbyssFilter;
				PRODUCT_NAME = AbyssFilter;
				SKIP_INSTALL = YES;
				SWIFT_OBJC_BRIDGING_HEADER = "Extension/LoopbackSettings.h";
				LD_RUNPATH_SEARCH_PATHS = "/usr/lib/swift";
			};
			name = Release;
		};
		F00000000000000000000005 /* Debug */ = {isa = XCBuildConfiguration; baseConfigurationReference = 20000000000000000000000C /* Debug.xcconfig */; buildSettings = {}; name = Debug; };
		F00000000000000000000006 /* Release */ = {isa = XCBuildConfiguration; baseConfigurationReference = 20000000000000000000000D /* Release.xcconfig */; buildSettings = {}; name = Release; };
		F00000000000000000000007 /* Debug */ = {
			isa = XCBuildConfiguration;
			baseConfigurationReference = 20000000000000000000000C /* Debug.xcconfig */;
			buildSettings = {
				GENERATE_INFOPLIST_FILE = YES;
				INFOPLIST_KEY_AbyssMachServiceName = "$(ABYSS_MACH_SERVICE)";
				INFOPLIST_KEY_AbyssTeamIdentifierPrefix = "$(TeamIdentifierPrefix)";
				LD_RUNPATH_SEARCH_PATHS = "/usr/lib/swift";
				OTHER_SWIFT_FLAGS = "-parse-as-library";
				PRODUCT_BUNDLE_IDENTIFIER = "$(ABYSS_BUNDLE_PREFIX).cli";
				PRODUCT_NAME = abyssctl;
				SKIP_INSTALL = YES;
			};
			name = Debug;
		};
		F00000000000000000000008 /* Release */ = {
			isa = XCBuildConfiguration;
			baseConfigurationReference = 20000000000000000000000D /* Release.xcconfig */;
			buildSettings = {
				GENERATE_INFOPLIST_FILE = YES;
				INFOPLIST_KEY_AbyssMachServiceName = "$(ABYSS_MACH_SERVICE)";
				INFOPLIST_KEY_AbyssTeamIdentifierPrefix = "$(TeamIdentifierPrefix)";
				LD_RUNPATH_SEARCH_PATHS = "/usr/lib/swift";
				OTHER_SWIFT_FLAGS = "-parse-as-library";
				PRODUCT_BUNDLE_IDENTIFIER = "$(ABYSS_BUNDLE_PREFIX).cli";
				PRODUCT_NAME = abyssctl;
				SKIP_INSTALL = YES;
			};
			name = Release;
		};
/* End XCBuildConfiguration section */

/* Begin XCConfigurationList section */
		900000000000000000000001 /* Build configuration list for PBXNativeTarget "Abyss" */ = {isa = XCConfigurationList; buildConfigurations = (F00000000000000000000001 /* Debug */, F00000000000000000000002 /* Release */, ); defaultConfigurationIsVisible = 0; defaultConfigurationName = Release; };
		900000000000000000000002 /* Build configuration list for PBXNativeTarget "AbyssFilter" */ = {isa = XCConfigurationList; buildConfigurations = (F00000000000000000000003 /* Debug */, F00000000000000000000004 /* Release */, ); defaultConfigurationIsVisible = 0; defaultConfigurationName = Release; };
		900000000000000000000003 /* Build configuration list for PBXProject "Abyss" */ = {isa = XCConfigurationList; buildConfigurations = (F00000000000000000000005 /* Debug */, F00000000000000000000006 /* Release */, ); defaultConfigurationIsVisible = 0; defaultConfigurationName = Release; };
		900000000000000000000004 /* Build configuration list for PBXNativeTarget "AbyssCLI" */ = {isa = XCConfigurationList; buildConfigurations = (F00000000000000000000007 /* Debug */, F00000000000000000000008 /* Release */, ); defaultConfigurationIsVisible = 0; defaultConfigurationName = Release; };
/* End XCConfigurationList section */

/* Begin XCLocalSwiftPackageReference section */
		E00000000000000000000001 /* XCLocalSwiftPackageReference "AbyssCore" */ = {isa = XCLocalSwiftPackageReference; relativePath = Packages/AbyssCore; };
		E00000000000000000000002 /* XCLocalSwiftPackageReference "AbyssIPC" */ = {isa = XCLocalSwiftPackageReference; relativePath = Packages/AbyssIPC; };
		E00000000000000000000003 /* XCLocalSwiftPackageReference "AbyssControl" */ = {isa = XCLocalSwiftPackageReference; relativePath = Packages/AbyssControl; };
		E00000000000000000000004 /* XCLocalSwiftPackageReference "AbyssFilterRuntime" */ = {isa = XCLocalSwiftPackageReference; relativePath = Packages/AbyssFilterRuntime; };
/* End XCLocalSwiftPackageReference section */

/* Begin XCRemoteSwiftPackageReference section */
		E00000000000000000000005 /* XCRemoteSwiftPackageReference "swift-argument-parser" */ = {
			isa = XCRemoteSwiftPackageReference;
			repositoryURL = "https://github.com/apple/swift-argument-parser.git";
			requirement = {
				kind = exactVersion;
				version = 1.8.2;
			};
		};
/* End XCRemoteSwiftPackageReference section */

/* Begin XCSwiftPackageProductDependency section */
		A00000000000000000000001 /* AbyssCore */ = {isa = XCSwiftPackageProductDependency; package = E00000000000000000000001 /* XCLocalSwiftPackageReference "AbyssCore" */; productName = AbyssCore; };
		A00000000000000000000002 /* AbyssIPC */ = {isa = XCSwiftPackageProductDependency; package = E00000000000000000000002 /* XCLocalSwiftPackageReference "AbyssIPC" */; productName = AbyssIPC; };
		A00000000000000000000003 /* AbyssCore */ = {isa = XCSwiftPackageProductDependency; package = E00000000000000000000001 /* XCLocalSwiftPackageReference "AbyssCore" */; productName = AbyssCore; };
		A00000000000000000000004 /* AbyssIPC */ = {isa = XCSwiftPackageProductDependency; package = E00000000000000000000002 /* XCLocalSwiftPackageReference "AbyssIPC" */; productName = AbyssIPC; };
		A00000000000000000000005 /* AbyssControl */ = {isa = XCSwiftPackageProductDependency; package = E00000000000000000000003 /* XCLocalSwiftPackageReference "AbyssControl" */; productName = AbyssControl; };
		A00000000000000000000006 /* AbyssFilterRuntime */ = {isa = XCSwiftPackageProductDependency; package = E00000000000000000000004 /* XCLocalSwiftPackageReference "AbyssFilterRuntime" */; productName = AbyssFilterRuntime; };
		A00000000000000000000007 /* AbyssIPC */ = {isa = XCSwiftPackageProductDependency; package = E00000000000000000000002 /* XCLocalSwiftPackageReference "AbyssIPC" */; productName = AbyssIPC; };
		A00000000000000000000008 /* ArgumentParser */ = {isa = XCSwiftPackageProductDependency; package = E00000000000000000000005 /* XCRemoteSwiftPackageReference "swift-argument-parser" */; productName = ArgumentParser; };
/* End XCSwiftPackageProductDependency section */
	};
	rootObject = 400000000000000000000001 /* Project object */;
}
